
Microsoft Visual Studio Solution File, Format Version 12.00
Project("{FAE04EC0-301F-11D3-BF4B-00C04F79EFBC}") = "Domain", "Domain\Domain.csproj", "{5F271EAC-A130-418F-A483-EA488C035F2C}"
EndProject
Project("{FAE04EC0-301F-11D3-BF4B-00C04F79EFBC}") = "Application", "Application\Application.csproj", "{C986C679-1293-4627-8A3F-64A55B51BFF9}"
EndProject
Project("{FAE04EC0-301F-11D3-BF4B-00C04F79EFBC}") = "Infrastructure", "Infrastructure\Infrastructure.csproj", "{A681ABB2-817A-406C-805F-D1231660B6C1}"
EndProject
Project("{FAE04EC0-301F-11D3-BF4B-00C04F79EFBC}") = "Presentation", "Presentation\Presentation.csproj", "{B1DED7E6-E488-4357-8D40-F6FEA94B143D}"
EndProject
Project("{2150E333-8FDC-42A3-9474-1A3956D46DE8}") = "Documents", "Documents", "{CA3BEB24-037E-4A25-89A4-7C120CAF8908}"
ProjectSection(SolutionItems) = preProject
	.gitignore = .gitignore
	README.md = README.md
EndProjectSection
EndProject
Global
	GlobalSection(SolutionConfigurationPlatforms) = preSolution
		Debug|Any CPU = Debug|Any CPU
		Release|Any CPU = Release|Any CPU
	EndGlobalSection
	GlobalSection(ProjectConfigurationPlatforms) = postSolution
		{5F271EAC-A130-418F-A483-EA488C035F2C}.Debug|Any CPU.ActiveCfg = Debug|Any CPU
		{5F271EAC-A130-418F-A483-EA488C035F2C}.Debug|Any CPU.Build.0 = Debug|Any CPU
		{5F271EAC-A130-418F-A483-EA488C035F2C}.Release|Any CPU.ActiveCfg = Release|Any CPU
		{5F271EAC-A130-418F-A483-EA488C035F2C}.Release|Any CPU.Build.0 = Release|Any CPU
		{C986C679-1293-4627-8A3F-64A55B51BFF9}.Debug|Any CPU.ActiveCfg = Debug|Any CPU
		{C986C679-1293-4627-8A3F-64A55B51BFF9}.Debug|Any CPU.Build.0 = Debug|Any CPU
		{C986C679-1293-4627-8A3F-64A55B51BFF9}.Release|Any CPU.ActiveCfg = Release|Any CPU
		{C986C679-1293-4627-8A3F-64A55B51BFF9}.Release|Any CPU.Build.0 = Release|Any CPU
		{A681ABB2-817A-406C-805F-D1231660B6C1}.Debug|Any CPU.ActiveCfg = Debug|Any CPU
		{A681ABB2-817A-406C-805F-D1231660B6C1}.Debug|Any CPU.Build.0 = Debug|Any CPU
		{A681ABB2-817A-406C-805F-D1231660B6C1}.Release|Any CPU.ActiveCfg = Release|Any CPU
		{A681ABB2-817A-406C-805F-D1231660B6C1}.Release|Any CPU.Build.0 = Release|Any CPU
		{B1DED7E6-E488-4357-8D40-F6FEA94B143D}.Debug|Any CPU.ActiveCfg = Debug|Any CPU
		{B1DED7E6-E488-4357-8D40-F6FEA94B143D}.Debug|Any CPU.Build.0 = Debug|Any CPU
		{B1DED7E6-E488-4357-8D40-F6FEA94B143D}.Release|Any CPU.ActiveCfg = Release|Any CPU
		{B1DED7E6-E488-4357-8D40-F6FEA94B143D}.Release|Any CPU.Build.0 = Release|Any CPU
	EndGlobalSection
EndGlobal
